// !$*UTF8*$!
{
	archiveVersion = 1;
	classes = {
	};
	objectVersion = 46;
	objects = {

/* Begin PBXBuildFile section */
		7FC655A11CD8CFD9001489BB /* AppDelegate.swift in Sources */ = {isa = PBXBuildFile; fileRef = 7FC655A01CD8CFD9001489BB /* AppDelegate.swift */; };
		7FC655A31CD8CFD9001489BB /* ViewController.swift in Sources */ = {isa = PBXBuildFile; fileRef = 7FC655A21CD8CFD9001489BB /* ViewController.swift */; };
		7FC655A61CD8CFD9001489BB /* Main.storyboard in Resources */ = {isa = PBXBuildFile; fileRef = 7FC655A41CD8CFD9001489BB /* Main.storyboard */; };
		7FC655A81CD8CFD9001489BB /* Assets.xcassets in Resources */ = {isa = PBXBuildFile; fileRef = 7FC655A71CD8CFD9001489BB /* Assets.xcassets */; };
		7FC655AB1CD8CFD9001489BB /* LaunchScreen.storyboard in Resources */ = {isa = PBXBuildFile; fileRef = 7FC655A91CD8CFD9001489BB /* LaunchScreen.storyboard */; };
		7FC655B61CD8CFD9001489BB /* ______Tests.swift in Sources */ = {isa = PBXBuildFile; fileRef = 7FC655B51CD8CFD9001489BB /* ______Tests.swift */; };
		7FC655C11CD8CFD9001489BB /* ______UITests.swift in Sources */ = {isa = PBXBuildFile; fileRef = 7FC655C01CD8CFD9001489BB /* ______UITests.swift */; };
		7FC655CF1CD8D6DF001489BB /* MapKit.framework in Frameworks */ = {isa = PBXBuildFile; fileRef = 7FC655CE1CD8D6DF001489BB /* MapKit.framework */; };
/* End PBXBuildFile section */

/* Begin PBXContainerItemProxy section */
		7FC655B21CD8CFD9001489BB /* PBXContainerItemProxy */ = {
			isa = PBXContainerItemProxy;
			containerPortal = 7FC655951CD8CFD9001489BB /* Project object */;
			proxyType = 1;
			remoteGlobalIDString = 7FC6559C1CD8CFD9001489BB;
			remoteInfo = "位置情報取得";
		};
		7FC655BD1CD8CFD9001489BB /* PBXContainerItemProxy */ = {
			isa = PBXContainerItemProxy;
			containerPortal = 7FC655951CD8CFD9001489BB /* Project object */;
			proxyType = 1;
			remoteGlobalIDString = 7FC6559C1CD8CFD9001489BB;
			remoteInfo = "位置情報取得";
		};
/* End PBXContainerItemProxy section */

/* Begin PBXFileReference section */
		7FC6559D1CD8CFD9001489BB /* 位置情報取得.app */ = {isa = PBXFileReference; explicitFileType = wrapper.application; includeInIndex = 0; path = "位置情報取得.app"; sourceTree = BUILT_PRODUCTS_DIR; };
		7FC655A01CD8CFD9001489BB /* AppDelegate.swift */ = {isa = PBXFileReference; lastKnownFileType = sourcecode.swift; path = AppDelegate.swift; sourceTree = "<group>"; };
		7FC655A21CD8CFD9001489BB /* ViewController.swift */ = {isa = PBXFileReference; lastKnownFileType = sourcecode.swift; path = ViewController.swift; sourceTree = "<group>"; };
		7FC655A51CD8CFD9001489BB /* Base */ = {isa = PBXFileReference; lastKnownFileType = file.storyboard; name = Base; path = Base.lproj/Main.storyboard; sourceTree = "<group>"; };
		7FC655A71CD8CFD9001489BB /* Assets.xcassets */ = {isa = PBXFileReference; lastKnownFileType = folder.assetcatalog; path = Assets.xcassets; sourceTree = "<group>"; };
		7FC655AA1CD8CFD9001489BB /* Base */ = {isa = PBXFileReference; lastKnownFileType = file.storyboard; name = Base; path = Base.lproj/LaunchScreen.storyboard; sourceTree = "<group>"; };
		7FC655AC1CD8CFD9001489BB /* Info.plist */ = {isa = PBXFileReference; lastKnownFileType = text.plist.xml; path = Info.plist; sourceTree = "<group>"; };
		7FC655B11CD8CFD9001489BB /* 位置情報取得Tests.xctest */ = {isa = PBXFileReference; explicitFileType = wrapper.cfbundle; includeInIndex = 0; path = "位置情報取得Tests.xctest"; sourceTree = BUILT_PRODUCTS_DIR; };
		7FC655B51CD8CFD9001489BB /* ______Tests.swift */ = {isa = PBXFileReference; lastKnownFileType = sourcecode.swift; path = "______Tests.swift"; sourceTree = "<group>"; };
		7FC655B71CD8CFD9001489BB /* Info.plist */ = {isa = PBXFileReference; lastKnownFileType = text.plist.xml; path = Info.plist; sourceTree = "<group>"; };
		7FC655BC1CD8CFD9001489BB /* 位置情報取得UITests.xctest */ = {isa = PBXFileReference; explicitFileType = wrapper.cfbundle; includeInIndex = 0; path = "位置情報取得UITests.xctest"; sourceTree = BUILT_PRODUCTS_DIR; };
		7FC655C01CD8CFD9001489BB /* ______UITests.swift */ = {isa = PBXFileReference; lastKnownFileType = sourcecode.swift; path = "______UITests.swift"; sourceTree = "<group>"; };
		7FC655C21CD8CFD9001489BB /* Info.plist */ = {isa = PBXFileReference; lastKnownFileType = text.plist.xml; path = Info.plist; sourceTree = "<group>"; };
		7FC655CE1CD8D6DF001489BB /* MapKit.framework */ = {isa = PBXFileReference; lastKnownFileType = wrapper.framework; name = MapKit.framework; path = System/Library/Frameworks/MapKit.framework; sourceTree = SDKROOT; };
/* End PBXFileReference section */

/* Begin PBXFrameworksBuildPhase section */
		7FC6559A1CD8CFD9001489BB /* Frameworks */ = {
			isa = PBXFrameworksBuildPhase;
			buildActionMask = 2147483647;
			files = (
				7FC655CF1CD8D6DF001489BB /* MapKit.framework in Frameworks */,
			);
			runOnlyForDeploymentPostprocessing = 0;
		};
		7FC655AE1CD8CFD9001489BB /* Frameworks */ = {
			isa = PBXFrameworksBuildPhase;
			buildActionMask = 2147483647;
			files = (
			);
			runOnlyForDeploymentPostprocessing = 0;
		};
		7FC655B91CD8CFD9001489BB /* Frameworks */ = {
			isa = PBXFrameworksBuildPhase;
			buildActionMask = 2147483647;
			files = (
			);
			runOnlyForDeploymentPostprocessing = 0;
		};
/* End PBXFrameworksBuildPhase section */

/* Begin PBXGroup section */
		7FC655941CD8CFD9001489BB = {
			isa = PBXGroup;
			children = (
				7FC655CE1CD8D6DF001489BB /* MapKit.framework */,
				7FC6559F1CD8CFD9001489BB /* 位置情報取得 */,
				7FC655B41CD8CFD9001489BB /* 位置情報取得Tests */,
				7FC655BF1CD8CFD9001489BB /* 位置情報取得UITests */,
				7FC6559E1CD8CFD9001489BB /* Products */,
			);
			sourceTree = "<group>";
		};
		7FC6559E1CD8CFD9001489BB /* Products */ = {
			isa = PBXGroup;
			children = (
				7FC6559D1CD8CFD9001489BB /* 位置情報取得.app */,
				7FC655B11CD8CFD9001489BB /* 位置情報取得Tests.xctest */,
				7FC655BC1CD8CFD9001489BB /* 位置情報取得UITests.xctest */,
			);
			name = Products;
			sourceTree = "<group>";
		};
		7FC6559F1CD8CFD9001489BB /* 位置情報取得 */ = {
			isa = PBXGroup;
			children = (
				7FC655A01CD8CFD9001489BB /* AppDelegate.swift */,
				7FC655A21CD8CFD9001489BB /* ViewController.swift */,
				7FC655A41CD8CFD9001489BB /* Main.storyboard */,
				7FC655A71CD8CFD9001489BB /* Assets.xcassets */,
				7FC655A91CD8CFD9001489BB /* LaunchScreen.storyboard */,
				7FC655AC1CD8CFD9001489BB /* Info.plist */,
			);
			path = "位置情報取得";
			sourceTree = "<group>";
		};
		7FC655B41CD8CFD9001489BB /* 位置情報取得Tests */ = {
			isa = PBXGroup;
			children = (
				7FC655B51CD8CFD9001489BB /* ______Tests.swift */,
				7FC655B71CD8CFD9001489BB /* Info.plist */,
			);
			path = "位置情報取得Tests";
			sourceTree = "<group>";
		};
		7FC655BF1CD8CFD9001489BB /* 位置情報取得UITests */ = {
			isa = PBXGroup;
			children = (
				7FC655C01CD8CFD9001489BB /* ______UITests.swift */,
				7FC655C21CD8CFD9001489BB /* Info.plist */,
			);
			path = "位置情報取得UITests";
			sourceTree = "<group>";
		};
/* End PBXGroup section */

/* Begin PBXNativeTarget section */
		7FC6559C1CD8CFD9001489BB /* 位置情報取得 */ = {
			isa = PBXNativeTarget;
			buildConfigurationList = 7FC655C51CD8CFD9001489BB /* Build configuration list for PBXNativeTarget "位置情報取得" */;
			buildPhases = (
				7FC655991CD8CFD9001489BB /* Sources */,
				7FC6559A1CD8CFD9001489BB /* Frameworks */,
				7FC6559B1CD8CFD9001489BB /* Resources */,
			);
			buildRules = (
			);
			dependencies = (
			);
			name = "位置情報取得";
			productName = "位置情報取得";
			productReference = 7FC6559D1CD8CFD9001489BB /* 位置情報取得.app */;
			productType = "com.apple.product-type.application";
		};
		7FC655B01CD8CFD9001489BB /* 位置情報取得Tests */ = {
			isa = PBXNativeTarget;
			buildConfigurationList = 7FC655C81CD8CFD9001489BB /* Build configuration list for PBXNativeTarget "位置情報取得Tests" */;
			buildPhases = (
				7FC655AD1CD8CFD9001489BB /* Sources */,
				7FC655AE1CD8CFD9001489BB /* Frameworks */,
				7FC655AF1CD8CFD9001489BB /* Resources */,
			);
			buildRules = (
			);
			dependencies = (
				7FC655B31CD8CFD9001489BB /* PBXTargetDependency */,
			);
			name = "位置情報取得Tests";
			productName = "位置情報取得Tests";
			productReference = 7FC655B11CD8CFD9001489BB /* 位置情報取得Tests.xctest */;
			productType = "com.apple.product-type.bundle.unit-test";
		};
		7FC655BB1CD8CFD9001489BB /* 位置情報取得UITests */ = {
			isa = PBXNativeTarget;
			buildConfigurationList = 7FC655CB1CD8CFD9001489BB /* Build configuration list for PBXNativeTarget "位置情報取得UITests" */;
			buildPhases = (
				7FC655B81CD8CFD9001489BB /* Sources */,
				7FC655B91CD8CFD9001489BB /* Frameworks */,
				7FC655BA1CD8CFD9001489BB /* Resources */,
			);
			buildRules = (
			);
			dependencies = (
				7FC655BE1CD8CFD9001489BB /* PBXTargetDependency */,
			);
			name = "位置情報取得UITests";
			productName = "位置情報取得UITests";
			productReference = 7FC655BC1CD8CFD9001489BB /* 位置情報取得UITests.xctest */;
			productType = "com.apple.product-type.bundle.ui-testing";
		};
/* End PBXNativeTarget section */

/* Begin PBXProject section */
		7FC655951CD8CFD9001489BB /* Project object */ = {
			isa = PBXProject;
			attributes = {
				LastSwiftUpdateCheck = 0720;
				LastUpgradeCheck = 0720;
				ORGANIZATIONNAME = "reo harada";
				TargetAttributes = {
					7FC6559C1CD8CFD9001489BB = {
						CreatedOnToolsVersion = 7.2.1;
						DevelopmentTeam = U435EYR422;
					};
					7FC655B01CD8CFD9001489BB = {
						CreatedOnToolsVersion = 7.2.1;
						TestTargetID = 7FC6559C1CD8CFD9001489BB;
					};
					7FC655BB1CD8CFD9001489BB = {
						CreatedOnToolsVersion = 7.2.1;
						TestTargetID = 7FC6559C1CD8CFD9001489BB;
					};
				};
			};
			buildConfigurationList = 7FC655981CD8CFD9001489BB /* Build configuration list for PBXProject "位置情報取得" */;
			compatibilityVersion = "Xcode 3.2";
			developmentRegion = English;
			hasScannedForEncodings = 0;
			knownRegions = (
				en,
				Base,
			);
			mainGroup = 7FC655941CD8CFD9001489BB;
			productRefGroup = 7FC6559E1CD8CFD9001489BB /* Products */;
			projectDirPath = "";
			projectRoot = "";
			targets = (
				7FC6559C1CD8CFD9001489BB /* 位置情報取得 */,
				7FC655B01CD8CFD9001489BB /* 位置情報取得Tests */,
				7FC655BB1CD8CFD9001489BB /* 位置情報取得UITests */,
			);
		};
/* End PBXProject section */

/* Begin PBXResourcesBuildPhase section */
		7FC6559B1CD8CFD9001489BB /* Resources */ = {
			isa = PBXResourcesBuildPhase;
			buildActionMask = 2147483647;
			files = (
				7FC655AB1CD8CFD9001489BB /* LaunchScreen.storyboard in Resources */,
				7FC655A81CD8CFD9001489BB /* Assets.xcassets in Resources */,
				7FC655A61CD8CFD9001489BB /* Main.storyboard in Resources */,
			);
			runOnlyForDeploymentPostprocessing = 0;
		};
		7FC655AF1CD8CFD9001489BB /* Resources */ = {
			isa = PBXResourcesBuildPhase;
			buildActionMask = 2147483647;
			files = (
			);
			runOnlyForDeploymentPostprocessing = 0;
		};
		7FC655BA1CD8CFD9001489BB /* Resources */ = {
			isa = PBXResourcesBuildPhase;
			buildActionMask = 2147483647;
			files = (
			);
			runOnlyForDeploymentPostprocessing = 0;
		};
/* End PBXResourcesBuildPhase section */

/* Begin PBXSourcesBuildPhase section */
		7FC655991CD8CFD9001489BB /* Sources */ = {
			isa = PBXSourcesBuildPhase;
			buildActionMask = 2147483647;
			files = (
				7FC655A31CD8CFD9001489BB /* ViewController.swift in Sources */,
				7FC655A11CD8CFD9001489BB /* AppDelegate.swift in Sources */,
			);
			runOnlyForDeploymentPostprocessing = 0;
		};
		7FC655AD1CD8CFD9001489BB /* Sources */ = {
			isa = PBXSourcesBuildPhase;
			buildActionMask = 2147483647;
			files = (
				7FC655B61CD8CFD9001489BB /* ______Tests.swift in Sources */,
			);
			runOnlyForDeploymentPostprocessing = 0;
		};
		7FC655B81CD8CFD9001489BB /* Sources */ = {
			isa = PBXSourcesBuildPhase;
			buildActionMask = 2147483647;
			files = (
				7FC655C11CD8CFD9001489BB /* ______UITests.swift in Sources */,
			);
			runOnlyForDeploymentPostprocessing = 0;
		};
/* End PBXSourcesBuildPhase section */

/* Begin PBXTargetDependency section */
		7FC655B31CD8CFD9001489BB /* PBXTargetDependency */ = {
			isa = PBXTargetDependency;
			target = 7FC6559C1CD8CFD9001489BB /* 位置情報取得 */;
			targetProxy = 7FC655B21CD8CFD9001489BB /* PBXContainerItemProxy */;
		};
		7FC655BE1CD8CFD9001489BB /* PBXTargetDependency */ = {
			isa = PBXTargetDependency;
			target = 7FC6559C1CD8CFD9001489BB /* 位置情報取得 */;
			targetProxy = 7FC655BD1CD8CFD9001489BB /* PBXContainerItemProxy */;
		};
/* End PBXTargetDependency section */

/* Begin PBXVariantGroup section */
		7FC655A41CD8CFD9001489BB /* Main.storyboard */ = {
			isa = PBXVariantGroup;
			children = (
				7FC655A51CD8CFD9001489BB /* Base */,
			);
			name = Main.storyboard;
			sourceTree = "<group>";
		};
		7FC655A91CD8CFD9001489BB /* LaunchScreen.storyboard */ = {
			isa = PBXVariantGroup;
			children = (
				7FC655AA1CD8CFD9001489BB /* Base */,
			);
			name = LaunchScreen.storyboard;
			sourceTree = "<group>";
		};
/* End PBXVariantGroup section */

/* Begin XCBuildConfiguration section */
		7FC655C31CD8CFD9001489BB /* Debug */ = {
			isa = XCBuildConfiguration;
			buildSettings = {
				ALWAYS_SEARCH_USER_PATHS = NO;
				CLANG_CXX_LANGUAGE_STANDARD = "gnu++0x";
				CLANG_CXX_LIBRARY = "libc++";
				CLANG_ENABLE_MODULES = YES;
				CLANG_ENABLE_OBJC_ARC = YES;
				CLANG_WARN_BOOL_CONVERSION = YES;
				CLANG_WARN_CONSTANT_CONVERSION = YES;
				CLANG_WARN_DIRECT_OBJC_ISA_USAGE = YES_ERROR;
				CLANG_WARN_EMPTY_BODY = YES;
				CLANG_WARN_ENUM_CONVERSION = YES;
				CLANG_WARN_INT_CONVERSION = YES;
				CLANG_WARN_OBJC_ROOT_CLASS = YES_ERROR;
				CLANG_WARN_UNREACHABLE_CODE = YES;
				CLANG_WARN__DUPLICATE_METHOD_MATCH = YES;
				"CODE_SIGN_IDENTITY[sdk=iphoneos*]" = "iPhone Developer";
				COPY_PHASE_STRIP = NO;
				DEBUG_INFORMATION_FORMAT = dwarf;
				ENABLE_STRICT_OBJC_MSGSEND = YES;
				ENABLE_TESTABILITY = YES;
				GCC_C_LANGUAGE_STANDARD = gnu99;
				GCC_DYNAMIC_NO_PIC = NO;
				GCC_NO_COMMON_BLOCKS = YES;
				GCC_OPTIMIZATION_LEVEL = 0;
				GCC_PREPROCESSOR_DEFINITIONS = (
					"DEBUG=1",
					"$(inherited)",
				);
				GCC_WARN_64_TO_32_BIT_CONVERSION = YES;
				GCC_WARN_ABOUT_RETURN_TYPE = YES_ERROR;
				GCC_WARN_UNDECLARED_SELECTOR = YES;
				GCC_WARN_UNINITIALIZED_AUTOS = YES_AGGRESSIVE;
				GCC_WARN_UNUSED_FUNCTION = YES;
				GCC_WARN_UNUSED_VARIABLE = YES;
				IPHONEOS_DEPLOYMENT_TARGET = 9.2;
				MTL_ENABLE_DEBUG_INFO = YES;
				ONLY_ACTIVE_ARCH = YES;
				SDKROOT = iphoneos;
				SWIFT_OPTIMIZATION_LEVEL = "-Onone";
			};
			name = Debug;
		};
		7FC655C41CD8CFD9001489BB /* Release */ = {
			isa = XCBuildConfiguration;
			buildSettings = {
				ALWAYS_SEARCH_USER_PATHS = NO;
				CLANG_CXX_LANGUAGE_STANDARD = "gnu++0x";
				CLANG_CXX_LIBRARY = "libc++";
				CLANG_ENABLE_MODULES = YES;
				CLANG_ENABLE_OBJC_ARC = YES;
				CLANG_WARN_BOOL_CONVERSION = YES;
				CLANG_WARN_CONSTANT_CONVERSION = YES;
				CLANG_WARN_DIRECT_OBJC_ISA_USAGE = YES_ERROR;
				CLANG_WARN_EMPTY_BODY = YES;
				CLANG_WARN_ENUM_CONVERSION = YES;
				CLANG_WARN_INT_CONVERSION = YES;
				CLANG_WARN_OBJC_ROOT_CLASS = YES_ERROR;
				CLANG_WARN_UNREACHABLE_CODE = YES;
				CLANG_WARN__DUPLICATE_METHOD_MATCH = YES;
				"CODE_SIGN_IDENTITY[sdk=iphoneos*]" = "iPhone Developer";
				COPY_PHASE_STRIP = NO;
				DEBUG_INFORMATION_FORMAT = "dwarf-with-dsym";
				ENABLE_NS_ASSERTIONS = NO;
				ENABLE_STRICT_OBJC_MSGSEND = YES;
				GCC_C_LANGUAGE_STANDARD = gnu99;
				GCC_NO_COMMON_BLOCKS = YES;
				GCC_WARN_64_TO_32_BIT_CONVERSION = YES;
				GCC_WARN_ABOUT_RETURN_TYPE = YES_ERROR;
				GCC_WARN_UNDECLARED_SELECTOR = YES;
				GCC_WARN_UNINITIALIZED_AUTOS = YES_AGGRESSIVE;
				GCC_WARN_UNUSED_FUNCTION = YES;
				GCC_WARN_UNUSED_VARIABLE = YES;
				IPHONEOS_DEPLOYMENT_TARGET = 9.2;
				MTL_ENABLE_DEBUG_INFO = NO;
				SDKROOT = iphoneos;
				VALIDATE_PRODUCT = YES;
			};
			name = Release;
		};
		7FC655C61CD8CFD9001489BB /* Debug */ = {
			isa = XCBuildConfiguration;
			buildSettings = {
				ASSETCATALOG_COMPILER_APPICON_NAME = AppIcon;
				CODE_SIGN_IDENTITY = "iPhone Developer";
				"CODE_SIGN_IDENTITY[sdk=iphoneos*]" = "iPhone Developer";
				INFOPLIST_FILE = "位置情報取得/Info.plist";
				LD_RUNPATH_SEARCH_PATHS = "$(inherited) @executable_path/Frameworks";
				PRODUCT_BUNDLE_IDENTIFIER = "YahooJapan.------";
				PRODUCT_NAME = "$(TARGET_NAME)";
				PROVISIONING_PROFILE = "";
			};
			name = Debug;
		};
		7FC655C71CD8CFD9001489BB /* Release */ = {
			isa = XCBuildConfiguration;
			buildSettings = {
				ASSETCATALOG_COMPILER_APPICON_NAME = AppIcon;
				CODE_SIGN_IDENTITY = "iPhone Developer";
				"CODE_SIGN_IDENTITY[sdk=iphoneos*]" = "iPhone Developer";
				INFOPLIST_FILE = "位置情報取得/Info.plist";
				LD_RUNPATH_SEARCH_PATHS = "$(inherited) @executable_path/Frameworks";
				PRODUCT_BUNDLE_IDENTIFIER = "YahooJapan.------";
				PRODUCT_NAME = "$(TARGET_NAME)";
				PROVISIONING_PROFILE = "";
			};
			name = Release;
		};
		7FC655C91CD8CFD9001489BB /* Debug */ = {
			isa = XCBuildConfiguration;
			buildSettings = {
				BUNDLE_LOADER = "$(TEST_HOST)";
				INFOPLIST_FILE = "位置情報取得Tests/Info.plist";
				LD_RUNPATH_SEARCH_PATHS = "$(inherited) @executable_path/Frameworks @loader_path/Frameworks";
				PRODUCT_BUNDLE_IDENTIFIER = "YahooJapan.------Tests";
				PRODUCT_NAME = "$(TARGET_NAME)";
				TEST_HOST = "$(BUILT_PRODUCTS_DIR)/位置情報取得.app/位置情報取得";
			};
			name = Debug;
		};
		7FC655CA1CD8CFD9001489BB /* Release */ = {
			isa = XCBuildConfiguration;
			buildSettings = {
				BUNDLE_LOADER = "$(TEST_HOST)";
				INFOPLIST_FILE = "位置情報取得Tests/Info.plist";
				LD_RUNPATH_SEARCH_PATHS = "$(inherited) @executable_path/Frameworks @loader_path/Frameworks";
				PRODUCT_BUNDLE_IDENTIFIER = "YahooJapan.------Tests";
				PRODUCT_NAME = "$(TARGET_NAME)";
				TEST_HOST = "$(BUILT_PRODUCTS_DIR)/位置情報取得.app/位置情報取得";
			};
			name = Release;
		};
		7FC655CC1CD8CFD9001489BB /* Debug */ = {
			isa = XCBuildConfiguration;
			buildSettings = {
				INFOPLIST_FILE = "位置情報取得UITests/Info.plist";
				LD_RUNPATH_SEARCH_PATHS = "$(inherited) @executable_path/Frameworks @loader_path/Frameworks";
				PRODUCT_BUNDLE_IDENTIFIER = "YahooJapan.------UITests";
				PRODUCT_NAME = "$(TARGET_NAME)";
				TEST_TARGET_NAME = "位置情報取得";
				USES_XCTRUNNER = YES;
			};
			name = Debug;
		};
		7FC655CD1CD8CFD9001489BB /* Release */ = {
			isa = XCBuildConfiguration;
			buildSettings = {
				INFOPLIST_FILE = "位置情報取得UITests/Info.plist";
				LD_RUNPATH_SEARCH_PATHS = "$(inherited) @executable_path/Frameworks @loader_path/Frameworks";
				PRODUCT_BUNDLE_IDENTIFIER = "YahooJapan.------UITests";
				PRODUCT_NAME = "$(TARGET_NAME)";
				TEST_TARGET_NAME = "位置情報取得";
				USES_XCTRUNNER = YES;
			};
			name = Release;
		};
/* End XCBuildConfiguration section */

/* Begin XCConfigurationList section */
		7FC655981CD8CFD9001489BB /* Build configuration list for PBXProject "位置情報取得" */ = {
			isa = XCConfigurationList;
			buildConfigurations = (
				7FC655C31CD8CFD9001489BB /* Debug */,
				7FC655C41CD8CFD9001489BB /* Release */,
			);
			defaultConfigurationIsVisible = 0;
			defaultConfigurationName = Release;
		};
		7FC655C51CD8CFD9001489BB /* Build configuration list for PBXNativeTarget "位置情報取得" */ = {
			isa = XCConfigurationList;
			buildConfigurations = (
				7FC655C61CD8CFD9001489BB /* Debug */,
				7FC655C71CD8CFD9001489BB /* Release */,
			);
			defaultConfigurationIsVisible = 0;
			defaultConfigurationName = Release;
		};
		7FC655C81CD8CFD9001489BB /* Build configuration list for PBXNativeTarget "位置情報取得Tests" */ = {
			isa = XCConfigurationList;
			buildConfigurations = (
				7FC655C91CD8CFD9001489BB /* Debug */,
				7FC655CA1CD8CFD9001489BB /* Release */,
			);
			defaultConfigurationIsVisible = 0;
			defaultConfigurationName = Release;
		};
		7FC655CB1CD8CFD9001489BB /* Build configuration list for PBXNativeTarget "位置情報取得UITests" */ = {
			isa = XCConfigurationList;
			buildConfigurations = (
				7FC655CC1CD8CFD9001489BB /* Debug */,
				7FC655CD1CD8CFD9001489BB /* Release */,
			);
			defaultConfigurationIsVisible = 0;
			defaultConfigurationName = Release;
		};
/* End XCConfigurationList section */
	};
	rootObject = 7FC655951CD8CFD9001489BB /* Project object */;
}
